
Microsoft Visual Studio Solution File, Format Version 12.00
# Visual Studio Version 17
VisualStudioVersion = 17.13.35828.75 d17.13
MinimumVisualStudioVersion = 10.0.40219.1
Project("{FAE04EC0-301F-11D3-BF4B-00C04F79EFBC}") = "PROJE0101", "PROJE0101.csproj", "{3AA89A55-A1D4-4C22-B104-F70FFF81655B}"
EndProject
Global
	GlobalSection(SolutionConfigurationPlatforms) = preSolution
		Debug|Any CPU = Debug|Any CPU
		Release|Any CPU = Release|Any CPU
	EndGlobalSection
	GlobalSection(ProjectConfigurationPlatforms) = postSolution
		{3AA89A55-A1D4-4C22-B104-F70FFF81655B}.Debug|Any CPU.ActiveCfg = Debug|Any CPU
		{3AA89A55-A1D4-4C22-B104-F70FFF81655B}.Debug|Any CPU.Build.0 = Debug|Any CPU
		{3AA89A55-A1D4-4C22-B104-F70FFF81655B}.Release|Any CPU.ActiveCfg = Release|Any CPU
		{3AA89A55-A1D4-4C22-B104-F70FFF81655B}.Release|Any CPU.Build.0 = Release|Any CPU
	EndGlobalSection
	GlobalSection(SolutionProperties) = preSolution
		HideSolutionNode = FALSE
	EndGlobalSection
	GlobalSection(ExtensibilityGlobals) = postSolution
		SolutionGuid = {E827A0D8-F8A9-42D7-B5DC-B0EA20FD80FD}
	EndGlobalSection
EndGlobal
